
Microsoft Visual Studio Solution File, Format Version 12.00
# Visual Studio Version 16
VisualStudioVersion = 16.0.31515.178
MinimumVisualStudioVersion = 10.0.40219.1
Project("{FAE04EC0-301F-11D3-BF4B-00C04F79EFBC}") = "ejercicio1jonathanpractica2", "ejercicio1jonathanpractica2.csproj", "{9758B4E7-A192-4C5E-8618-0DCCB215B623}"
EndProject
Global
	GlobalSection(SolutionConfigurationPlatforms) = preSolution
		Debug|Any CPU = Debug|Any CPU
		Release|Any CPU = Release|Any CPU
	EndGlobalSection
	GlobalSection(ProjectConfigurationPlatforms) = postSolution
		{9758B4E7-A192-4C5E-8618-0DCCB215B623}.Debug|Any CPU.ActiveCfg = Debug|Any CPU
		{9758B4E7-A192-4C5E-8618-0DCCB215B623}.Debug|Any CPU.Build.0 = Debug|Any CPU
		{9758B4E7-A192-4C5E-8618-0DCCB215B623}.Release|Any CPU.ActiveCfg = Release|Any CPU
		{9758B4E7-A192-4C5E-8618-0DCCB215B623}.Release|Any CPU.Build.0 = Release|Any CPU
	EndGlobalSection
	GlobalSection(SolutionProperties) = preSolution
		HideSolutionNode = FALSE
	EndGlobalSection
	GlobalSection(ExtensibilityGlobals) = postSolution
		SolutionGuid = {4886C400-FF75-4FF4-8DFD-A64DE383FA9E}
	EndGlobalSection
EndGlobal
